
Microsoft Visual Studio Solution File, Format Version 12.00
# Visual Studio 15
VisualStudioVersion = 15.0.27130.2026
MinimumVisualStudioVersion = 10.0.40219.1
Project("{9A19103F-16F7-4668-BE54-9A1E7A4F7556}") = "Ether.Network.Photon", "Ether.Network.Photon\Ether.Network.Photon.csproj", "{CAA5EE26-8BE2-45D3-BE0F-6FCEA2AB1FB9}"
EndProject
Project("{9A19103F-16F7-4668-BE54-9A1E7A4F7556}") = "Ether.Network", "..\Ether.Network\src\Ether.Network\Ether.Network.csproj", "{7850B980-58F0-4492-A2DB-D9ABE27B926E}"
EndProject
Global
	GlobalSection(SolutionConfigurationPlatforms) = preSolution
		Debug|Any CPU = Debug|Any CPU
		Release|Any CPU = Release|Any CPU
	EndGlobalSection
	GlobalSection(ProjectConfigurationPlatforms) = postSolution
		{CAA5EE26-8BE2-45D3-BE0F-6FCEA2AB1FB9}.Debug|Any CPU.ActiveCfg = Debug|Any CPU
		{CAA5EE26-8BE2-45D3-BE0F-6FCEA2AB1FB9}.Debug|Any CPU.Build.0 = Debug|Any CPU
		{CAA5EE26-8BE2-45D3-BE0F-6FCEA2AB1FB9}.Release|Any CPU.ActiveCfg = Release|Any CPU
		{CAA5EE26-8BE2-45D3-BE0F-6FCEA2AB1FB9}.Release|Any CPU.Build.0 = Release|Any CPU
		{7850B980-58F0-4492-A2DB-D9ABE27B926E}.Debug|Any CPU.ActiveCfg = Debug|Any CPU
		{7850B980-58F0-4492-A2DB-D9ABE27B926E}.Debug|Any CPU.Build.0 = Debug|Any CPU
		{7850B980-58F0-4492-A2DB-D9ABE27B926E}.Release|Any CPU.ActiveCfg = Release|Any CPU
		{7850B980-58F0-4492-A2DB-D9ABE27B926E}.Release|Any CPU.Build.0 = Release|Any CPU
	EndGlobalSection
	GlobalSection(SolutionProperties) = preSolution
		HideSolutionNode = FALSE
	EndGlobalSection
	GlobalSection(ExtensibilityGlobals) = postSolution
		SolutionGuid = {D94E1F7F-7510-43F5-8CD8-3A9DE29261C3}
	EndGlobalSection
EndGlobal
